// !$*UTF8*$!
{
	archiveVersion = 1;
	classes = {
	};
	objectVersion = 46;
	objects = {

/* Begin PBXBuildFile section */
		5FD10C481EBDDEF6007DEF85 /* main.cpp in Sources */ = {isa = PBXBuildFile; fileRef = 5FD10C471EBDDEF6007DEF85 /* main.cpp */; };
		5FD10C501EBED006007DEF85 /* MaxHeap.cpp in Sources */ = {isa = PBXBuildFile; fileRef = 5FD10C4E1EBED006007DEF85 /* MaxHeap.cpp */; };
		5FD10C531EBED013007DEF85 /* MinHeap.cpp in Sources */ = {isa = PBXBuildFile; fileRef = 5FD10C511EBED013007DEF85 /* MinHeap.cpp */; };
		5FD10C561EBED02C007DEF85 /* Heap.cpp in Sources */ = {isa = PBXBuildFile; fileRef = 5FD10C541EBED02C007DEF85 /* Heap.cpp */; };
/* End PBXBuildFile section */

/* Begin PBXCopyFilesBuildPhase section */
		5FD10C421EBDDEF6007DEF85 /* CopyFiles */ = {
			isa = PBXCopyFilesBuildPhase;
			buildActionMask = 2147483647;
			dstPath = /usr/share/man/man1/;
			dstSubfolderSpec = 0;
			files = (
			);
			runOnlyForDeploymentPostprocessing = 1;
		};
/* End PBXCopyFilesBuildPhase section */

/* Begin PBXFileReference section */
		5FD10C441EBDDEF6007DEF85 /* heap sort */ = {isa = PBXFileReference; explicitFileType = "compiled.mach-o.executable"; includeInIndex = 0; path = "heap sort"; sourceTree = BUILT_PRODUCTS_DIR; };
		5FD10C471EBDDEF6007DEF85 /* main.cpp */ = {isa = PBXFileReference; lastKnownFileType = sourcecode.cpp.cpp; path = main.cpp; sourceTree = "<group>"; };
		5FD10C4E1EBED006007DEF85 /* MaxHeap.cpp */ = {isa = PBXFileReference; fileEncoding = 4; lastKnownFileType = sourcecode.cpp.cpp; path = MaxHeap.cpp; sourceTree = "<group>"; };
		5FD10C4F1EBED006007DEF85 /* MaxHeap.hpp */ = {isa = PBXFileReference; fileEncoding = 4; lastKnownFileType = sourcecode.cpp.h; path = MaxHeap.hpp; sourceTree = "<group>"; };
		5FD10C511EBED013007DEF85 /* MinHeap.cpp */ = {isa = PBXFileReference; fileEncoding = 4; lastKnownFileType = sourcecode.cpp.cpp; path = MinHeap.cpp; sourceTree = "<group>"; };
		5FD10C521EBED013007DEF85 /* MinHeap.hpp */ = {isa = PBXFileReference; fileEncoding = 4; lastKnownFileType = sourcecode.cpp.h; path = MinHeap.hpp; sourceTree = "<group>"; };
		5FD10C541EBED02C007DEF85 /* Heap.cpp */ = {isa = PBXFileReference; fileEncoding = 4; lastKnownFileType = sourcecode.cpp.cpp; path = Heap.cpp; sourceTree = "<group>"; };
		5FD10C551EBED02C007DEF85 /* Heap.hpp */ = {isa = PBXFileReference; fileEncoding = 4; lastKnownFileType = sourcecode.cpp.h; path = Heap.hpp; sourceTree = "<group>"; };
/* End PBXFileReference section */

/* Begin PBXFrameworksBuildPhase section */
		5FD10C411EBDDEF6007DEF85 /* Frameworks */ = {
			isa = PBXFrameworksBuildPhase;
			buildActionMask = 2147483647;
			files = (
			);
			runOnlyForDeploymentPostprocessing = 0;
		};
/* End PBXFrameworksBuildPhase section */

/* Begin PBXGroup section */
		5FD10C3B1EBDDEF6007DEF85 = {
			isa = PBXGroup;
			children = (
				5FD10C461EBDDEF6007DEF85 /* heap sort */,
				5FD10C451EBDDEF6007DEF85 /* Products */,
			);
			sourceTree = "<group>";
		};
		5FD10C451EBDDEF6007DEF85 /* Products */ = {
			isa = PBXGroup;
			children = (
				5FD10C441EBDDEF6007DEF85 /* heap sort */,
			);
			name = Products;
			sourceTree = "<group>";
		};
		5FD10C461EBDDEF6007DEF85 /* heap sort */ = {
			isa = PBXGroup;
			children = (
				5FD10C471EBDDEF6007DEF85 /* main.cpp */,
				5FD10C4E1EBED006007DEF85 /* MaxHeap.cpp */,
				5FD10C4F1EBED006007DEF85 /* MaxHeap.hpp */,
				5FD10C511EBED013007DEF85 /* MinHeap.cpp */,
				5FD10C521EBED013007DEF85 /* MinHeap.hpp */,
				5FD10C541EBED02C007DEF85 /* Heap.cpp */,
				5FD10C551EBED02C007DEF85 /* Heap.hpp */,
			);
			path = "heap sort";
			sourceTree = "<group>";
		};
/* End PBXGroup section */

/* Begin PBXNativeTarget section */
		5FD10C431EBDDEF6007DEF85 /* heap sort */ = {
			isa = PBXNativeTarget;
			buildConfigurationList = 5FD10C4B1EBDDEF6007DEF85 /* Build configuration list for PBXNativeTarget "heap sort" */;
			buildPhases = (
				5FD10C401EBDDEF6007DEF85 /* Sources */,
				5FD10C411EBDDEF6007DEF85 /* Frameworks */,
				5FD10C421EBDDEF6007DEF85 /* CopyFiles */,
			);
			buildRules = (
			);
			dependencies = (
			);
			name = "heap sort";
			productName = "heap sort";
			productReference = 5FD10C441EBDDEF6007DEF85 /* heap sort */;
			productType = "com.apple.product-type.tool";
		};
/* End PBXNativeTarget section */

/* Begin PBXProject section */
		5FD10C3C1EBDDEF6007DEF85 /* Project object */ = {
			isa = PBXProject;
			attributes = {
				LastUpgradeCheck = 0830;
				ORGANIZATIONNAME = "Lois Hu";
				TargetAttributes = {
					5FD10C431EBDDEF6007DEF85 = {
						CreatedOnToolsVersion = 8.3.2;
						ProvisioningStyle = Automatic;
					};
				};
			};
			buildConfigurationList = 5FD10C3F1EBDDEF6007DEF85 /* Build configuration list for PBXProject "heap sort" */;
			compatibilityVersion = "Xcode 3.2";
			developmentRegion = English;
			hasScannedForEncodings = 0;
			knownRegions = (
				en,
			);
			mainGroup = 5FD10C3B1EBDDEF6007DEF85;
			productRefGroup = 5FD10C451EBDDEF6007DEF85 /* Products */;
			projectDirPath = "";
			projectRoot = "";
			targets = (
				5FD10C431EBDDEF6007DEF85 /* heap sort */,
			);
		};
/* End PBXProject section */

/* Begin PBXSourcesBuildPhase section */
		5FD10C401EBDDEF6007DEF85 /* Sources */ = {
			isa = PBXSourcesBuildPhase;
			buildActionMask = 2147483647;
			files = (
				5FD10C501EBED006007DEF85 /* MaxHeap.cpp in Sources */,
				5FD10C531EBED013007DEF85 /* MinHeap.cpp in Sources */,
				5FD10C481EBDDEF6007DEF85 /* main.cpp in Sources */,
				5FD10C561EBED02C007DEF85 /* Heap.cpp in Sources */,
			);
			runOnlyForDeploymentPostprocessing = 0;
		};
/* End PBXSourcesBuildPhase section */

/* Begin XCBuildConfiguration section */
		5FD10C491EBDDEF6007DEF85 /* Debug */ = {
			isa = XCBuildConfiguration;
			buildSettings = {
				ALWAYS_SEARCH_USER_PATHS = NO;
				CLANG_ANALYZER_NONNULL = YES;
				CLANG_ANALYZER_NUMBER_OBJECT_CONVERSION = YES_AGGRESSIVE;
				CLANG_CXX_LANGUAGE_STANDARD = "gnu++0x";
				CLANG_CXX_LIBRARY = "libc++";
				CLANG_ENABLE_MODULES = YES;
				CLANG_ENABLE_OBJC_ARC = YES;
				CLANG_WARN_BOOL_CONVERSION = YES;
				CLANG_WARN_CONSTANT_CONVERSION = YES;
				CLANG_WARN_DIRECT_OBJC_ISA_USAGE = YES_ERROR;
				CLANG_WARN_DOCUMENTATION_COMMENTS = YES;
				CLANG_WARN_EMPTY_BODY = YES;
				CLANG_WARN_ENUM_CONVERSION = YES;
				CLANG_WARN_INFINITE_RECURSION = YES;
				CLANG_WARN_INT_CONVERSION = YES;
				CLANG_WARN_OBJC_ROOT_CLASS = YES_ERROR;
				CLANG_WARN_SUSPICIOUS_MOVE = YES;
				CLANG_WARN_UNREACHABLE_CODE = YES;
				CLANG_WARN__DUPLICATE_METHOD_MATCH = YES;
				CODE_SIGN_IDENTITY = "-";
				COPY_PHASE_STRIP = NO;
				DEBUG_INFORMATION_FORMAT = dwarf;
				ENABLE_STRICT_OBJC_MSGSEND = YES;
				ENABLE_TESTABILITY = YES;
				GCC_C_LANGUAGE_STANDARD = gnu99;
				GCC_DYNAMIC_NO_PIC = NO;
				GCC_NO_COMMON_BLOCKS = YES;
				GCC_OPTIMIZATION_LEVEL = 0;
				GCC_PREPROCESSOR_DEFINITIONS = (
					"DEBUG=1",
					"$(inherited)",
				);
				GCC_WARN_64_TO_32_BIT_CONVERSION = YES;
				GCC_WARN_ABOUT_RETURN_TYPE = YES_ERROR;
				GCC_WARN_UNDECLARED_SELECTOR = YES;
				GCC_WARN_UNINITIALIZED_AUTOS = YES_AGGRESSIVE;
				GCC_WARN_UNUSED_FUNCTION = YES;
				GCC_WARN_UNUSED_VARIABLE = YES;
				MACOSX_DEPLOYMENT_TARGET = 10.12;
				MTL_ENABLE_DEBUG_INFO = YES;
				ONLY_ACTIVE_ARCH = YES;
				SDKROOT = macosx;
			};
			name = Debug;
		};
		5FD10C4A1EBDDEF6007DEF85 /* Release */ = {
			isa = XCBuildConfiguration;
			buildSettings = {
				ALWAYS_SEARCH_USER_PATHS = NO;
				CLANG_ANALYZER_NONNULL = YES;
				CLANG_ANALYZER_NUMBER_OBJECT_CONVERSION = YES_AGGRESSIVE;
				CLANG_CXX_LANGUAGE_STANDARD = "gnu++0x";
				CLANG_CXX_LIBRARY = "libc++";
				CLANG_ENABLE_MODULES = YES;
				CLANG_ENABLE_OBJC_ARC = YES;
				CLANG_WARN_BOOL_CONVERSION = YES;
				CLANG_WARN_CONSTANT_CONVERSION = YES;
				CLANG_WARN_DIRECT_OBJC_ISA_USAGE = YES_ERROR;
				CLANG_WARN_DOCUMENTATION_COMMENTS = YES;
				CLANG_WARN_EMPTY_BODY = YES;
				CLANG_WARN_ENUM_CONVERSION = YES;
				CLANG_WARN_INFINITE_RECURSION = YES;
				CLANG_WARN_INT_CONVERSION = YES;
				CLANG_WARN_OBJC_ROOT_CLASS = YES_ERROR;
				CLANG_WARN_SUSPICIOUS_MOVE = YES;
				CLANG_WARN_UNREACHABLE_CODE = YES;
				CLANG_WARN__DUPLICATE_METHOD_MATCH = YES;
				CODE_SIGN_IDENTITY = "-";
				COPY_PHASE_STRIP = NO;
				DEBUG_INFORMATION_FORMAT = "dwarf-with-dsym";
				ENABLE_NS_ASSERTIONS = NO;
				ENABLE_STRICT_OBJC_MSGSEND = YES;
				GCC_C_LANGUAGE_STANDARD = gnu99;
				GCC_NO_COMMON_BLOCKS = YES;
				GCC_WARN_64_TO_32_BIT_CONVERSION = YES;
				GCC_WARN_ABOUT_RETURN_TYPE = YES_ERROR;
				GCC_WARN_UNDECLARED_SELECTOR = YES;
				GCC_WARN_UNINITIALIZED_AUTOS = YES_AGGRESSIVE;
				GCC_WARN_UNUSED_FUNCTION = YES;
				GCC_WARN_UNUSED_VARIABLE = YES;
				MACOSX_DEPLOYMENT_TARGET = 10.12;
				MTL_ENABLE_DEBUG_INFO = NO;
				SDKROOT = macosx;
			};
			name = Release;
		};
		5FD10C4C1EBDDEF6007DEF85 /* Debug */ = {
			isa = XCBuildConfiguration;
			buildSettings = {
				PRODUCT_NAME = "$(TARGET_NAME)";
			};
			name = Debug;
		};
		5FD10C4D1EBDDEF6007DEF85 /* Release */ = {
			isa = XCBuildConfiguration;
			buildSettings = {
				PRODUCT_NAME = "$(TARGET_NAME)";
			};
			name = Release;
		};
/* End XCBuildConfiguration section */

/* Begin XCConfigurationList section */
		5FD10C3F1EBDDEF6007DEF85 /* Build configuration list for PBXProject "heap sort" */ = {
			isa = XCConfigurationList;
			buildConfigurations = (
				5FD10C491EBDDEF6007DEF85 /* Debug */,
				5FD10C4A1EBDDEF6007DEF85 /* Release */,
			);
			defaultConfigurationIsVisible = 0;
			defaultConfigurationName = Release;
		};
		5FD10C4B1EBDDEF6007DEF85 /* Build configuration list for PBXNativeTarget "heap sort" */ = {
			isa = XCConfigurationList;
			buildConfigurations = (
				5FD10C4C1EBDDEF6007DEF85 /* Debug */,
				5FD10C4D1EBDDEF6007DEF85 /* Release */,
			);
			defaultConfigurationIsVisible = 0;
		};
/* End XCConfigurationList section */
	};
	rootObject = 5FD10C3C1EBDDEF6007DEF85 /* Project object */;
}
